# THIS IS AN AUTOGENERATED FILE. DO NOT EDIT THIS FILE DIRECTLY.
# yarn lockfile v1


lottie-web@^5.7.3:
  version "5.7.3"
  resolved "http://192.168.14.11:8888/lottie-web/-/lottie-web-5.7.3.tgz#dbe542270665be5dd5b32deae19e27de6e77728c"
  integrity sha512-ftN4AdiNmtoVpCfN1doiUIUbhOrDSMikH1Yl64/xO5lzQ31AO0+G82bqrCNHIW5Ec2zE/g7y4iz7zBR1YJwDaA==
