{
  "requires": true,
  "lockfileVersion": 1,
  "dependencies": {
    "http": {
      "version": "0.0.1-security",
      "resolved": "http://r.cnpmjs.org/http/download/http-0.0.1-security.tgz",
      "integrity": "sha1-OqwJEp0S3CdHu85BV6/eIK0feZU="
    },
    "vue": {
      "version": "2.6.11",
      "resolved": "http://r.cnpmjs.org/vue/download/vue-2.6.11.tgz",
      "integrity": "sha1-dllNh31LEiNEBuhONSdcbVFBJcU="
    }
  }
}
